
Microsoft Visual Studio Solution File, Format Version 12.00
# Visual Studio 15
VisualStudioVersion = 15.0.26730.16
MinimumVisualStudioVersion = 10.0.40219.1
Project("{FAE04EC0-301F-11D3-BF4B-00C04F79EFBC}") = "ClientUI", "ClientUI\ClientUI.csproj", "{C42E3768-A934-4FF0-B801-1A417EE0D1BC}"
EndProject
Project("{FAE04EC0-301F-11D3-BF4B-00C04F79EFBC}") = "Messages", "Messages\Messages.csproj", "{131A36C1-FD08-4454-98FF-8DF37FEF7F4D}"
EndProject
Project("{FAE04EC0-301F-11D3-BF4B-00C04F79EFBC}") = "Sales", "Sales\Sales.csproj", "{FED47A95-A5FC-45A1-8BC6-403ABED24361}"
EndProject
Project("{FAE04EC0-301F-11D3-BF4B-00C04F79EFBC}") = "Billing", "Billing\Billing.csproj", "{503AEE0E-CF91-4276-91E0-4A05F2D7D1B3}"
EndProject
Project("{FAE04EC0-301F-11D3-BF4B-00C04F79EFBC}") = "Shipping", "Shipping\Shipping.csproj", "{6E884C1F-1415-472A-B144-EF8C165EF8D9}"
EndProject
Global
	GlobalSection(SolutionConfigurationPlatforms) = preSolution
		Debug|Any CPU = Debug|Any CPU
		Release|Any CPU = Release|Any CPU
	EndGlobalSection
	GlobalSection(ProjectConfigurationPlatforms) = postSolution
		{C42E3768-A934-4FF0-B801-1A417EE0D1BC}.Debug|Any CPU.ActiveCfg = Debug|Any CPU
		{C42E3768-A934-4FF0-B801-1A417EE0D1BC}.Debug|Any CPU.Build.0 = Debug|Any CPU
		{C42E3768-A934-4FF0-B801-1A417EE0D1BC}.Release|Any CPU.ActiveCfg = Release|Any CPU
		{C42E3768-A934-4FF0-B801-1A417EE0D1BC}.Release|Any CPU.Build.0 = Release|Any CPU
		{131A36C1-FD08-4454-98FF-8DF37FEF7F4D}.Debug|Any CPU.ActiveCfg = Debug|Any CPU
		{131A36C1-FD08-4454-98FF-8DF37FEF7F4D}.Debug|Any CPU.Build.0 = Debug|Any CPU
		{131A36C1-FD08-4454-98FF-8DF37FEF7F4D}.Release|Any CPU.ActiveCfg = Release|Any CPU
		{131A36C1-FD08-4454-98FF-8DF37FEF7F4D}.Release|Any CPU.Build.0 = Release|Any CPU
		{FED47A95-A5FC-45A1-8BC6-403ABED24361}.Debug|Any CPU.ActiveCfg = Debug|Any CPU
		{FED47A95-A5FC-45A1-8BC6-403ABED24361}.Debug|Any CPU.Build.0 = Debug|Any CPU
		{FED47A95-A5FC-45A1-8BC6-403ABED24361}.Release|Any CPU.ActiveCfg = Release|Any CPU
		{FED47A95-A5FC-45A1-8BC6-403ABED24361}.Release|Any CPU.Build.0 = Release|Any CPU
		{503AEE0E-CF91-4276-91E0-4A05F2D7D1B3}.Debug|Any CPU.ActiveCfg = Debug|Any CPU
		{503AEE0E-CF91-4276-91E0-4A05F2D7D1B3}.Debug|Any CPU.Build.0 = Debug|Any CPU
		{503AEE0E-CF91-4276-91E0-4A05F2D7D1B3}.Release|Any CPU.ActiveCfg = Release|Any CPU
		{503AEE0E-CF91-4276-91E0-4A05F2D7D1B3}.Release|Any CPU.Build.0 = Release|Any CPU
		{6E884C1F-1415-472A-B144-EF8C165EF8D9}.Debug|Any CPU.ActiveCfg = Debug|Any CPU
		{6E884C1F-1415-472A-B144-EF8C165EF8D9}.Debug|Any CPU.Build.0 = Debug|Any CPU
		{6E884C1F-1415-472A-B144-EF8C165EF8D9}.Release|Any CPU.ActiveCfg = Release|Any CPU
		{6E884C1F-1415-472A-B144-EF8C165EF8D9}.Release|Any CPU.Build.0 = Release|Any CPU
	EndGlobalSection
	GlobalSection(SolutionProperties) = preSolution
		HideSolutionNode = FALSE
	EndGlobalSection
	GlobalSection(ExtensibilityGlobals) = postSolution
		SolutionGuid = {1DCFA42A-40AA-42C8-9B08-3744553EE1F4}
	EndGlobalSection
EndGlobal
